lockfileVersion: 5.3

specifiers:
  lit-html: ^2.0.1
  windicss: ^3.2.0

dependencies:
  lit-html: 2.0.1

devDependencies:
  windicss: 3.2.0

packages:

  /@types/trusted-types/2.0.2:
    resolution: {integrity: sha512-F5DIZ36YVLE+PN+Zwws4kJogq47hNgX3Nx6WyDJ3kcplxyke3XIzB8uK5n/Lpm1HBsbGzd6nmGehL8cPekP+Tg==}
    dev: false

  /lit-html/2.0.1:
    resolution: {integrity: sha512-KF5znvFdXbxTYM/GjpdOOnMsjgRcFGusTnB54ixnCTya5zUR0XqrDRj29ybuLS+jLXv1jji6Y8+g4W7WP8uL4w==}
    dependencies:
      '@types/trusted-types': 2.0.2
    dev: false

  /windicss/3.2.0:
    resolution: {integrity: sha512-z0q789VZXKdRBrAsfkR+1vOYCb7bS1kec1hyaulT4NClNgO9zGObWbiN+9Jwk0Iw7CLdk/QCB/WCF+zVmr0WpQ==}
    engines: {node: '>= 12'}
    hasBin: true
    dev: true
